
Microsoft Visual Studio Solution File, Format Version 12.00
# Visual Studio 15
VisualStudioVersion = 15.0.28307.271
MinimumVisualStudioVersion = 10.0.40219.1
Project("{FAE04EC0-301F-11D3-BF4B-00C04F79EFBC}") = "BankApp", "BankApp\BankApp.csproj", "{BA30E1EE-A8E2-48FE-AB70-2830C427006A}"
EndProject
Global
	GlobalSection(SolutionConfigurationPlatforms) = preSolution
		Debug|Any CPU = Debug|Any CPU
		Release|Any CPU = Release|Any CPU
	EndGlobalSection
	GlobalSection(ProjectConfigurationPlatforms) = postSolution
		{BA30E1EE-A8E2-48FE-AB70-2830C427006A}.Debug|Any CPU.ActiveCfg = Debug|Any CPU
		{BA30E1EE-A8E2-48FE-AB70-2830C427006A}.Debug|Any CPU.Build.0 = Debug|Any CPU
		{BA30E1EE-A8E2-48FE-AB70-2830C427006A}.Release|Any CPU.ActiveCfg = Release|Any CPU
		{BA30E1EE-A8E2-48FE-AB70-2830C427006A}.Release|Any CPU.Build.0 = Release|Any CPU
	EndGlobalSection
	GlobalSection(SolutionProperties) = preSolution
		HideSolutionNode = FALSE
	EndGlobalSection
	GlobalSection(ExtensibilityGlobals) = postSolution
		SolutionGuid = {36883707-A1B2-4A2F-988D-24DA7714F820}
	EndGlobalSection
EndGlobal
